{
    "name": "react-dropdown-date",
    "version": "2.2.7",
    "lockfileVersion": 3,
    "requires": true,
    "packages": {
        "": {
            "name": "react-dropdown-date",
            "version": "2.2.7",
            "license": "MIT",
            "devDependencies": {
                "@types/react": "^18.2.41",
                "@types/react-dom": "^18.2.17",
                "babel-core": "^6.26.3",
                "babel-runtime": "^6.26.0",
                "react": "^18.2.0",
                "react-dom": "^18.2.0",
                "rollup": "^4.6.1",
                "rollup-plugin-typescript2": "^0.36.0",
                "typescript": "^5.3.2"
            },
            "peerDependencies": {
                "react": "^18",
                "react-dom": "^18"
            }
        },
        "node_modules/@rollup/pluginutils": {
            "version": "4.2.1",
            "resolved": "https://registry.npmjs.org/@rollup/pluginutils/-/pluginutils-4.2.1.tgz",
            "integrity": "sha512-iKnFXr7NkdZAIHiIWE+BX5ULi/ucVFYWD6TbAV+rZctiRTY2PL6tsIKhoIOaoskiWAkgu+VsbXgUVDNLHf+InQ==",
            "dev": true,
            "dependencies": {
                "estree-walker": "^2.0.1",
                "picomatch": "^2.2.2"
            },
            "engines": {
                "node": ">= 8.0.0"
            }
        },
        "node_modules/@rollup/rollup-android-arm-eabi": {
            "version": "4.6.1",
            "resolved": "https://registry.npmjs.org/@rollup/rollup-android-arm-eabi/-/rollup-android-arm-eabi-4.6.1.tgz",
            "integrity": "sha512-0WQ0ouLejaUCRsL93GD4uft3rOmB8qoQMU05Kb8CmMtMBe7XUDLAltxVZI1q6byNqEtU7N1ZX1Vw5lIpgulLQA==",
            "cpu": [
                "arm"
            ],
            "dev": true,
            "optional": true,
            "os": [
                "android"
            ]
        },
        "node_modules/@rollup/rollup-android-arm64": {
            "version": "4.6.1",
            "resolved": "https://registry.npmjs.org/@rollup/rollup-android-arm64/-/rollup-android-arm64-4.6.1.tgz",
            "integrity": "sha512-1TKm25Rn20vr5aTGGZqo6E4mzPicCUD79k17EgTLAsXc1zysyi4xXKACfUbwyANEPAEIxkzwue6JZ+stYzWUTA==",
            "cpu": [
                "arm64"
            ],
            "dev": true,
            "optional": true,
            "os": [
                "android"
            ]
        },
        "node_modules/@rollup/rollup-darwin-arm64": {
            "version": "4.6.1",
            "resolved": "https://registry.npmjs.org/@rollup/rollup-darwin-arm64/-/rollup-darwin-arm64-4.6.1.tgz",
            "integrity": "sha512-cEXJQY/ZqMACb+nxzDeX9IPLAg7S94xouJJCNVE5BJM8JUEP4HeTF+ti3cmxWeSJo+5D+o8Tc0UAWUkfENdeyw==",
            "cpu": [
                "arm64"
            ],
            "dev": true,
            "optional": true,
            "os": [
                "darwin"
            ]
        },
        "node_modules/@rollup/rollup-darwin-x64": {
            "version": "4.6.1",
            "resolved": "https://registry.npmjs.org/@rollup/rollup-darwin-x64/-/rollup-darwin-x64-4.6.1.tgz",
            "integrity": "sha512-LoSU9Xu56isrkV2jLldcKspJ7sSXmZWkAxg7sW/RfF7GS4F5/v4EiqKSMCFbZtDu2Nc1gxxFdQdKwkKS4rwxNg==",
            "cpu": [
                "x64"
            ],
            "dev": true,
            "optional": true,
            "os": [
                "darwin"
            ]
        },
        "node_modules/@rollup/rollup-linux-arm-gnueabihf": {
            "version": "4.6.1",
            "resolved": "https://registry.npmjs.org/@rollup/rollup-linux-arm-gnueabihf/-/rollup-linux-arm-gnueabihf-4.6.1.tgz",
            "integrity": "sha512-EfI3hzYAy5vFNDqpXsNxXcgRDcFHUWSx5nnRSCKwXuQlI5J9dD84g2Usw81n3FLBNsGCegKGwwTVsSKK9cooSQ==",
            "cpu": [
                "arm"
            ],
            "dev": true,
            "optional": true,
            "os": [
                "linux"
            ]
        },
        "node_modules/@rollup/rollup-linux-arm64-gnu": {
            "version": "4.6.1",
            "resolved": "https://registry.npmjs.org/@rollup/rollup-linux-arm64-gnu/-/rollup-linux-arm64-gnu-4.6.1.tgz",
            "integrity": "sha512-9lhc4UZstsegbNLhH0Zu6TqvDfmhGzuCWtcTFXY10VjLLUe4Mr0Ye2L3rrtHaDd/J5+tFMEuo5LTCSCMXWfUKw==",
            "cpu": [
                "arm64"
            ],
            "dev": true,
            "optional": true,
            "os": [
                "linux"
            ]
        },
        "node_modules/@rollup/rollup-linux-arm64-musl": {
            "version": "4.6.1",
            "resolved": "https://registry.npmjs.org/@rollup/rollup-linux-arm64-musl/-/rollup-linux-arm64-musl-4.6.1.tgz",
            "integrity": "sha512-FfoOK1yP5ksX3wwZ4Zk1NgyGHZyuRhf99j64I5oEmirV8EFT7+OhUZEnP+x17lcP/QHJNWGsoJwrz4PJ9fBEXw==",
            "cpu": [
                "arm64"
            ],
            "dev": true,
            "optional": true,
            "os": [
                "linux"
            ]
        },
        "node_modules/@rollup/rollup-linux-x64-gnu": {
            "version": "4.6.1",
            "resolved": "https://registry.npmjs.org/@rollup/rollup-linux-x64-gnu/-/rollup-linux-x64-gnu-4.6.1.tgz",
            "integrity": "sha512-DNGZvZDO5YF7jN5fX8ZqmGLjZEXIJRdJEdTFMhiyXqyXubBa0WVLDWSNlQ5JR2PNgDbEV1VQowhVRUh+74D+RA==",
            "cpu": [
                "x64"
            ],
            "dev": true,
            "optional": true,
            "os": [
                "linux"
            ]
        },
        "node_modules/@rollup/rollup-linux-x64-musl": {
            "version": "4.6.1",
            "resolved": "https://registry.npmjs.org/@rollup/rollup-linux-x64-musl/-/rollup-linux-x64-musl-4.6.1.tgz",
            "integrity": "sha512-RkJVNVRM+piYy87HrKmhbexCHg3A6Z6MU0W9GHnJwBQNBeyhCJG9KDce4SAMdicQnpURggSvtbGo9xAWOfSvIQ==",
            "cpu": [
                "x64"
            ],
            "dev": true,
            "optional": true,
            "os": [
                "linux"
            ]
        },
        "node_modules/@rollup/rollup-win32-arm64-msvc": {
            "version": "4.6.1",
            "resolved": "https://registry.npmjs.org/@rollup/rollup-win32-arm64-msvc/-/rollup-win32-arm64-msvc-4.6.1.tgz",
            "integrity": "sha512-v2FVT6xfnnmTe3W9bJXl6r5KwJglMK/iRlkKiIFfO6ysKs0rDgz7Cwwf3tjldxQUrHL9INT/1r4VA0n9L/F1vQ==",
            "cpu": [
                "arm64"
            ],
            "dev": true,
            "optional": true,
            "os": [
                "win32"
            ]
        },
        "node_modules/@rollup/rollup-win32-ia32-msvc": {
            "version": "4.6.1",
            "resolved": "https://registry.npmjs.org/@rollup/rollup-win32-ia32-msvc/-/rollup-win32-ia32-msvc-4.6.1.tgz",
            "integrity": "sha512-YEeOjxRyEjqcWphH9dyLbzgkF8wZSKAKUkldRY6dgNR5oKs2LZazqGB41cWJ4Iqqcy9/zqYgmzBkRoVz3Q9MLw==",
            "cpu": [
                "ia32"
            ],
            "dev": true,
            "optional": true,
            "os": [
                "win32"
            ]
        },
        "node_modules/@rollup/rollup-win32-x64-msvc": {
            "version": "4.6.1",
            "resolved": "https://registry.npmjs.org/@rollup/rollup-win32-x64-msvc/-/rollup-win32-x64-msvc-4.6.1.tgz",
            "integrity": "sha512-0zfTlFAIhgz8V2G8STq8toAjsYYA6eci1hnXuyOTUFnymrtJwnS6uGKiv3v5UrPZkBlamLvrLV2iiaeqCKzb0A==",
            "cpu": [
                "x64"
            ],
            "dev": true,
            "optional": true,
            "os": [
                "win32"
            ]
        },
        "node_modules/@types/prop-types": {
            "version": "15.7.11",
            "resolved": "https://registry.npmjs.org/@types/prop-types/-/prop-types-15.7.11.tgz",
            "integrity": "sha512-ga8y9v9uyeiLdpKddhxYQkxNDrfvuPrlFb0N1qnZZByvcElJaXthF1UhvCh9TLWJBEHeNtdnbysW7Y6Uq8CVng==",
            "dev": true
        },
        "node_modules/@types/react": {
            "version": "18.2.41",
            "resolved": "https://registry.npmjs.org/@types/react/-/react-18.2.41.tgz",
            "integrity": "sha512-CwOGr/PiLiNBxEBqpJ7fO3kocP/2SSuC9fpH5K7tusrg4xPSRT/193rzolYwQnTN02We/ATXKnb6GqA5w4fRxw==",
            "dev": true,
            "dependencies": {
                "@types/prop-types": "*",
                "@types/scheduler": "*",
                "csstype": "^3.0.2"
            }
        },
        "node_modules/@types/react-dom": {
            "version": "18.2.17",
            "resolved": "https://registry.npmjs.org/@types/react-dom/-/react-dom-18.2.17.tgz",
            "integrity": "sha512-rvrT/M7Df5eykWFxn6MYt5Pem/Dbyc1N8Y0S9Mrkw2WFCRiqUgw9P7ul2NpwsXCSM1DVdENzdG9J5SreqfAIWg==",
            "dev": true,
            "dependencies": {
                "@types/react": "*"
            }
        },
        "node_modules/@types/scheduler": {
            "version": "0.16.8",
            "resolved": "https://registry.npmjs.org/@types/scheduler/-/scheduler-0.16.8.tgz",
            "integrity": "sha512-WZLiwShhwLRmeV6zH+GkbOFT6Z6VklCItrDioxUnv+u4Ll+8vKeFySoFyK/0ctcRpOmwAicELfmys1sDc/Rw+A==",
            "dev": true
        },
        "node_modules/ansi-regex": {
            "version": "2.1.1",
            "resolved": "https://registry.npmjs.org/ansi-regex/-/ansi-regex-2.1.1.tgz",
            "integrity": "sha512-TIGnTpdo+E3+pCyAluZvtED5p5wCqLdezCyhPZzKPcxvFplEt4i+W7OONCKgeZFT3+y5NZZfOOS/Bdcanm1MYA==",
            "dev": true,
            "engines": {
                "node": ">=0.10.0"
            }
        },
        "node_modules/ansi-styles": {
            "version": "2.2.1",
            "resolved": "https://registry.npmjs.org/ansi-styles/-/ansi-styles-2.2.1.tgz",
            "integrity": "sha512-kmCevFghRiWM7HB5zTPULl4r9bVFSWjz62MhqizDGUrq2NWuNMQyuv4tHHoKJHs69M/MF64lEcHdYIocrdWQYA==",
            "dev": true,
            "engines": {
                "node": ">=0.10.0"
            }
        },
        "node_modules/babel-code-frame": {
            "version": "6.26.0",
            "resolved": "https://registry.npmjs.org/babel-code-frame/-/babel-code-frame-6.26.0.tgz",
            "integrity": "sha512-XqYMR2dfdGMW+hd0IUZ2PwK+fGeFkOxZJ0wY+JaQAHzt1Zx8LcvpiZD2NiGkEG8qx0CfkAOr5xt76d1e8vG90g==",
            "dev": true,
            "dependencies": {
                "chalk": "^1.1.3",
                "esutils": "^2.0.2",
                "js-tokens": "^3.0.2"
            }
        },
        "node_modules/babel-core": {
            "version": "6.26.3",
            "resolved": "https://registry.npmjs.org/babel-core/-/babel-core-6.26.3.tgz",
            "integrity": "sha512-6jyFLuDmeidKmUEb3NM+/yawG0M2bDZ9Z1qbZP59cyHLz8kYGKYwpJP0UwUKKUiTRNvxfLesJnTedqczP7cTDA==",
            "dev": true,
            "dependencies": {
                "babel-code-frame": "^6.26.0",
                "babel-generator": "^6.26.0",
                "babel-helpers": "^6.24.1",
                "babel-messages": "^6.23.0",
                "babel-register": "^6.26.0",
                "babel-runtime": "^6.26.0",
                "babel-template": "^6.26.0",
                "babel-traverse": "^6.26.0",
                "babel-types": "^6.26.0",
                "babylon": "^6.18.0",
                "convert-source-map": "^1.5.1",
                "debug": "^2.6.9",
                "json5": "^0.5.1",
                "lodash": "^4.17.4",
                "minimatch": "^3.0.4",
                "path-is-absolute": "^1.0.1",
                "private": "^0.1.8",
                "slash": "^1.0.0",
                "source-map": "^0.5.7"
            }
        },
        "node_modules/babel-generator": {
            "version": "6.26.1",
            "resolved": "https://registry.npmjs.org/babel-generator/-/babel-generator-6.26.1.tgz",
            "integrity": "sha512-HyfwY6ApZj7BYTcJURpM5tznulaBvyio7/0d4zFOeMPUmfxkCjHocCuoLa2SAGzBI8AREcH3eP3758F672DppA==",
            "dev": true,
            "dependencies": {
                "babel-messages": "^6.23.0",
                "babel-runtime": "^6.26.0",
                "babel-types": "^6.26.0",
                "detect-indent": "^4.0.0",
                "jsesc": "^1.3.0",
                "lodash": "^4.17.4",
                "source-map": "^0.5.7",
                "trim-right": "^1.0.1"
            }
        },
        "node_modules/babel-helpers": {
            "version": "6.24.1",
            "resolved": "https://registry.npmjs.org/babel-helpers/-/babel-helpers-6.24.1.tgz",
            "integrity": "sha512-n7pFrqQm44TCYvrCDb0MqabAF+JUBq+ijBvNMUxpkLjJaAu32faIexewMumrH5KLLJ1HDyT0PTEqRyAe/GwwuQ==",
            "dev": true,
            "dependencies": {
                "babel-runtime": "^6.22.0",
                "babel-template": "^6.24.1"
            }
        },
        "node_modules/babel-messages": {
            "version": "6.23.0",
            "resolved": "https://registry.npmjs.org/babel-messages/-/babel-messages-6.23.0.tgz",
            "integrity": "sha512-Bl3ZiA+LjqaMtNYopA9TYE9HP1tQ+E5dLxE0XrAzcIJeK2UqF0/EaqXwBn9esd4UmTfEab+P+UYQ1GnioFIb/w==",
            "dev": true,
            "dependencies": {
                "babel-runtime": "^6.22.0"
            }
        },
        "node_modules/babel-register": {
            "version": "6.26.0",
            "resolved": "https://registry.npmjs.org/babel-register/-/babel-register-6.26.0.tgz",
            "integrity": "sha512-veliHlHX06wjaeY8xNITbveXSiI+ASFnOqvne/LaIJIqOWi2Ogmj91KOugEz/hoh/fwMhXNBJPCv8Xaz5CyM4A==",
            "dev": true,
            "dependencies": {
                "babel-core": "^6.26.0",
                "babel-runtime": "^6.26.0",
                "core-js": "^2.5.0",
                "home-or-tmp": "^2.0.0",
                "lodash": "^4.17.4",
                "mkdirp": "^0.5.1",
                "source-map-support": "^0.4.15"
            }
        },
        "node_modules/babel-runtime": {
            "version": "6.26.0",
            "resolved": "https://registry.npmjs.org/babel-runtime/-/babel-runtime-6.26.0.tgz",
            "integrity": "sha512-ITKNuq2wKlW1fJg9sSW52eepoYgZBggvOAHC0u/CYu/qxQ9EVzThCgR69BnSXLHjy2f7SY5zaQ4yt7H9ZVxY2g==",
            "dev": true,
            "dependencies": {
                "core-js": "^2.4.0",
                "regenerator-runtime": "^0.11.0"
            }
        },
        "node_modules/babel-template": {
            "version": "6.26.0",
            "resolved": "https://registry.npmjs.org/babel-template/-/babel-template-6.26.0.tgz",
            "integrity": "sha512-PCOcLFW7/eazGUKIoqH97sO9A2UYMahsn/yRQ7uOk37iutwjq7ODtcTNF+iFDSHNfkctqsLRjLP7URnOx0T1fg==",
            "dev": true,
            "dependencies": {
                "babel-runtime": "^6.26.0",
                "babel-traverse": "^6.26.0",
                "babel-types": "^6.26.0",
                "babylon": "^6.18.0",
                "lodash": "^4.17.4"
            }
        },
        "node_modules/babel-traverse": {
            "version": "6.26.0",
            "resolved": "https://registry.npmjs.org/babel-traverse/-/babel-traverse-6.26.0.tgz",
            "integrity": "sha512-iSxeXx7apsjCHe9c7n8VtRXGzI2Bk1rBSOJgCCjfyXb6v1aCqE1KSEpq/8SXuVN8Ka/Rh1WDTF0MDzkvTA4MIA==",
            "dev": true,
            "dependencies": {
                "babel-code-frame": "^6.26.0",
                "babel-messages": "^6.23.0",
                "babel-runtime": "^6.26.0",
                "babel-types": "^6.26.0",
                "babylon": "^6.18.0",
                "debug": "^2.6.8",
                "globals": "^9.18.0",
                "invariant": "^2.2.2",
                "lodash": "^4.17.4"
            }
        },
        "node_modules/babel-types": {
            "version": "6.26.0",
            "resolved": "https://registry.npmjs.org/babel-types/-/babel-types-6.26.0.tgz",
            "integrity": "sha512-zhe3V/26rCWsEZK8kZN+HaQj5yQ1CilTObixFzKW1UWjqG7618Twz6YEsCnjfg5gBcJh02DrpCkS9h98ZqDY+g==",
            "dev": true,
            "dependencies": {
                "babel-runtime": "^6.26.0",
                "esutils": "^2.0.2",
                "lodash": "^4.17.4",
                "to-fast-properties": "^1.0.3"
            }
        },
        "node_modules/babylon": {
            "version": "6.18.0",
            "resolved": "https://registry.npmjs.org/babylon/-/babylon-6.18.0.tgz",
            "integrity": "sha512-q/UEjfGJ2Cm3oKV71DJz9d25TPnq5rhBVL2Q4fA5wcC3jcrdn7+SssEybFIxwAvvP+YCsCYNKughoF33GxgycQ==",
            "dev": true,
            "bin": {
                "babylon": "bin/babylon.js"
            }
        },
        "node_modules/balanced-match": {
            "version": "1.0.2",
            "resolved": "https://registry.npmjs.org/balanced-match/-/balanced-match-1.0.2.tgz",
            "integrity": "sha512-3oSeUO0TMV67hN1AmbXsK4yaqU7tjiHlbxRDZOpH0KW9+CeX4bRAaX0Anxt0tx2MrpRpWwQaPwIlISEJhYU5Pw==",
            "dev": true
        },
        "node_modules/brace-expansion": {
            "version": "1.1.11",
            "resolved": "https://registry.npmjs.org/brace-expansion/-/brace-expansion-1.1.11.tgz",
            "integrity": "sha512-iCuPHDFgrHX7H2vEI/5xpz07zSHB00TpugqhmYtVmMO6518mCuRMoOYFldEBl0g187ufozdaHgWKcYFb61qGiA==",
            "dev": true,
            "dependencies": {
                "balanced-match": "^1.0.0",
                "concat-map": "0.0.1"
            }
        },
        "node_modules/chalk": {
            "version": "1.1.3",
            "resolved": "https://registry.npmjs.org/chalk/-/chalk-1.1.3.tgz",
            "integrity": "sha512-U3lRVLMSlsCfjqYPbLyVv11M9CPW4I728d6TCKMAOJueEeB9/8o+eSsMnxPJD+Q+K909sdESg7C+tIkoH6on1A==",
            "dev": true,
            "dependencies": {
                "ansi-styles": "^2.2.1",
                "escape-string-regexp": "^1.0.2",
                "has-ansi": "^2.0.0",
                "strip-ansi": "^3.0.0",
                "supports-color": "^2.0.0"
            },
            "engines": {
                "node": ">=0.10.0"
            }
        },
        "node_modules/commondir": {
            "version": "1.0.1",
            "resolved": "https://registry.npmjs.org/commondir/-/commondir-1.0.1.tgz",
            "integrity": "sha512-W9pAhw0ja1Edb5GVdIF1mjZw/ASI0AlShXM83UUGe2DVr5TdAPEA1OA8m/g8zWp9x6On7gqufY+FatDbC3MDQg==",
            "dev": true
        },
        "node_modules/concat-map": {
            "version": "0.0.1",
            "resolved": "https://registry.npmjs.org/concat-map/-/concat-map-0.0.1.tgz",
            "integrity": "sha512-/Srv4dswyQNBfohGpz9o6Yb3Gz3SrUDqBH5rTuhGR7ahtlbYKnVxw2bCFMRljaA7EXHaXZ8wsHdodFvbkhKmqg==",
            "dev": true
        },
        "node_modules/convert-source-map": {
            "version": "1.9.0",
            "resolved": "https://registry.npmjs.org/convert-source-map/-/convert-source-map-1.9.0.tgz",
            "integrity": "sha512-ASFBup0Mz1uyiIjANan1jzLQami9z1PoYSZCiiYW2FczPbenXc45FZdBZLzOT+r6+iciuEModtmCti+hjaAk0A==",
            "dev": true
        },
        "node_modules/core-js": {
            "version": "2.6.12",
            "resolved": "https://registry.npmjs.org/core-js/-/core-js-2.6.12.tgz",
            "integrity": "sha512-Kb2wC0fvsWfQrgk8HU5lW6U/Lcs8+9aaYcy4ZFc6DDlo4nZ7n70dEgE5rtR0oG6ufKDUnrwfWL1mXR5ljDatrQ==",
            "deprecated": "core-js@<3.23.3 is no longer maintained and not recommended for usage due to the number of issues. Because of the V8 engine whims, feature detection in old core-js versions could cause a slowdown up to 100x even if nothing is polyfilled. Some versions have web compatibility issues. Please, upgrade your dependencies to the actual version of core-js.",
            "dev": true,
            "hasInstallScript": true
        },
        "node_modules/csstype": {
            "version": "3.1.2",
            "resolved": "https://registry.npmjs.org/csstype/-/csstype-3.1.2.tgz",
            "integrity": "sha512-I7K1Uu0MBPzaFKg4nI5Q7Vs2t+3gWWW648spaF+Rg7pI9ds18Ugn+lvg4SHczUdKlHI5LWBXyqfS8+DufyBsgQ==",
            "dev": true
        },
        "node_modules/debug": {
            "version": "2.6.9",
            "resolved": "https://registry.npmjs.org/debug/-/debug-2.6.9.tgz",
            "integrity": "sha512-bC7ElrdJaJnPbAP+1EotYvqZsb3ecl5wi6Bfi6BJTUcNowp6cvspg0jXznRTKDjm/E7AdgFBVeAPVMNcKGsHMA==",
            "dev": true,
            "dependencies": {
                "ms": "2.0.0"
            }
        },
        "node_modules/detect-indent": {
            "version": "4.0.0",
            "resolved": "https://registry.npmjs.org/detect-indent/-/detect-indent-4.0.0.tgz",
            "integrity": "sha512-BDKtmHlOzwI7iRuEkhzsnPoi5ypEhWAJB5RvHWe1kMr06js3uK5B3734i3ui5Yd+wOJV1cpE4JnivPD283GU/A==",
            "dev": true,
            "dependencies": {
                "repeating": "^2.0.0"
            },
            "engines": {
                "node": ">=0.10.0"
            }
        },
        "node_modules/escape-string-regexp": {
            "version": "1.0.5",
            "resolved": "https://registry.npmjs.org/escape-string-regexp/-/escape-string-regexp-1.0.5.tgz",
            "integrity": "sha512-vbRorB5FUQWvla16U8R/qgaFIya2qGzwDrNmCZuYKrbdSUMG6I1ZCGQRefkRVhuOkIGVne7BQ35DSfo1qvJqFg==",
            "dev": true,
            "engines": {
                "node": ">=0.8.0"
            }
        },
        "node_modules/estree-walker": {
            "version": "2.0.2",
            "resolved": "https://registry.npmjs.org/estree-walker/-/estree-walker-2.0.2.tgz",
            "integrity": "sha512-Rfkk/Mp/DL7JVje3u18FxFujQlTNR2q6QfMSMB7AvCBx91NGj/ba3kCfza0f6dVDbw7YlRf/nDrn7pQrCCyQ/w==",
            "dev": true
        },
        "node_modules/esutils": {
            "version": "2.0.3",
            "resolved": "https://registry.npmjs.org/esutils/-/esutils-2.0.3.tgz",
            "integrity": "sha512-kVscqXk4OCp68SZ0dkgEKVi6/8ij300KBWTJq32P/dYeWTSwK41WyTxalN1eRmA5Z9UU/LX9D7FWSmV9SAYx6g==",
            "dev": true,
            "engines": {
                "node": ">=0.10.0"
            }
        },
        "node_modules/find-cache-dir": {
            "version": "3.3.2",
            "resolved": "https://registry.npmjs.org/find-cache-dir/-/find-cache-dir-3.3.2.tgz",
            "integrity": "sha512-wXZV5emFEjrridIgED11OoUKLxiYjAcqot/NJdAkOhlJ+vGzwhOAfcG5OX1jP+S0PcjEn8bdMJv+g2jwQ3Onig==",
            "dev": true,
            "dependencies": {
                "commondir": "^1.0.1",
                "make-dir": "^3.0.2",
                "pkg-dir": "^4.1.0"
            },
            "engines": {
                "node": ">=8"
            },
            "funding": {
                "url": "https://github.com/avajs/find-cache-dir?sponsor=1"
            }
        },
        "node_modules/find-up": {
            "version": "4.1.0",
            "resolved": "https://registry.npmjs.org/find-up/-/find-up-4.1.0.tgz",
            "integrity": "sha512-PpOwAdQ/YlXQ2vj8a3h8IipDuYRi3wceVQQGYWxNINccq40Anw7BlsEXCMbt1Zt+OLA6Fq9suIpIWD0OsnISlw==",
            "dev": true,
            "dependencies": {
                "locate-path": "^5.0.0",
                "path-exists": "^4.0.0"
            },
            "engines": {
                "node": ">=8"
            }
        },
        "node_modules/fs-extra": {
            "version": "10.1.0",
            "resolved": "https://registry.npmjs.org/fs-extra/-/fs-extra-10.1.0.tgz",
            "integrity": "sha512-oRXApq54ETRj4eMiFzGnHWGy+zo5raudjuxN0b8H7s/RU2oW0Wvsx9O0ACRN/kRq9E8Vu/ReskGB5o3ji+FzHQ==",
            "dev": true,
            "dependencies": {
                "graceful-fs": "^4.2.0",
                "jsonfile": "^6.0.1",
                "universalify": "^2.0.0"
            },
            "engines": {
                "node": ">=12"
            }
        },
        "node_modules/fsevents": {
            "version": "2.3.3",
            "resolved": "https://registry.npmjs.org/fsevents/-/fsevents-2.3.3.tgz",
            "integrity": "sha512-5xoDfX+fL7faATnagmWPpbFtwh/R77WmMMqqHGS65C3vvB0YHrgF+B1YmZ3441tMj5n63k0212XNoJwzlhffQw==",
            "dev": true,
            "hasInstallScript": true,
            "optional": true,
            "os": [
                "darwin"
            ],
            "engines": {
                "node": "^8.16.0 || ^10.6.0 || >=11.0.0"
            }
        },
        "node_modules/globals": {
            "version": "9.18.0",
            "resolved": "https://registry.npmjs.org/globals/-/globals-9.18.0.tgz",
            "integrity": "sha512-S0nG3CLEQiY/ILxqtztTWH/3iRRdyBLw6KMDxnKMchrtbj2OFmehVh0WUCfW3DUrIgx/qFrJPICrq4Z4sTR9UQ==",
            "dev": true,
            "engines": {
                "node": ">=0.10.0"
            }
        },
        "node_modules/graceful-fs": {
            "version": "4.2.11",
            "resolved": "https://registry.npmjs.org/graceful-fs/-/graceful-fs-4.2.11.tgz",
            "integrity": "sha512-RbJ5/jmFcNNCcDV5o9eTnBLJ/HszWV0P73bc+Ff4nS/rJj+YaS6IGyiOL0VoBYX+l1Wrl3k63h/KrH+nhJ0XvQ==",
            "dev": true
        },
        "node_modules/has-ansi": {
            "version": "2.0.0",
            "resolved": "https://registry.npmjs.org/has-ansi/-/has-ansi-2.0.0.tgz",
            "integrity": "sha512-C8vBJ8DwUCx19vhm7urhTuUsr4/IyP6l4VzNQDv+ryHQObW3TTTp9yB68WpYgRe2bbaGuZ/se74IqFeVnMnLZg==",
            "dev": true,
            "dependencies": {
                "ansi-regex": "^2.0.0"
            },
            "engines": {
                "node": ">=0.10.0"
            }
        },
        "node_modules/home-or-tmp": {
            "version": "2.0.0",
            "resolved": "https://registry.npmjs.org/home-or-tmp/-/home-or-tmp-2.0.0.tgz",
            "integrity": "sha512-ycURW7oUxE2sNiPVw1HVEFsW+ecOpJ5zaj7eC0RlwhibhRBod20muUN8qu/gzx956YrLolVvs1MTXwKgC2rVEg==",
            "dev": true,
            "dependencies": {
                "os-homedir": "^1.0.0",
                "os-tmpdir": "^1.0.1"
            },
            "engines": {
                "node": ">=0.10.0"
            }
        },
        "node_modules/invariant": {
            "version": "2.2.4",
            "resolved": "https://registry.npmjs.org/invariant/-/invariant-2.2.4.tgz",
            "integrity": "sha512-phJfQVBuaJM5raOpJjSfkiD6BpbCE4Ns//LaXl6wGYtUBY83nWS6Rf9tXm2e8VaK60JEjYldbPif/A2B1C2gNA==",
            "dev": true,
            "dependencies": {
                "loose-envify": "^1.0.0"
            }
        },
        "node_modules/is-finite": {
            "version": "1.1.0",
            "resolved": "https://registry.npmjs.org/is-finite/-/is-finite-1.1.0.tgz",
            "integrity": "sha512-cdyMtqX/BOqqNBBiKlIVkytNHm49MtMlYyn1zxzvJKWmFMlGzm+ry5BBfYyeY9YmNKbRSo/o7OX9w9ale0wg3w==",
            "dev": true,
            "engines": {
                "node": ">=0.10.0"
            },
            "funding": {
                "url": "https://github.com/sponsors/sindresorhus"
            }
        },
        "node_modules/js-tokens": {
            "version": "3.0.2",
            "resolved": "https://registry.npmjs.org/js-tokens/-/js-tokens-3.0.2.tgz",
            "integrity": "sha1-mGbfOVECEw449/mWvOtlRDIJwls=",
            "dev": true
        },
        "node_modules/jsesc": {
            "version": "1.3.0",
            "resolved": "https://registry.npmjs.org/jsesc/-/jsesc-1.3.0.tgz",
            "integrity": "sha512-Mke0DA0QjUWuJlhsE0ZPPhYiJkRap642SmI/4ztCFaUs6V2AiH1sfecc+57NgaryfAA2VR3v6O+CSjC1jZJKOA==",
            "dev": true,
            "bin": {
                "jsesc": "bin/jsesc"
            }
        },
        "node_modules/json5": {
            "version": "0.5.1",
            "resolved": "https://registry.npmjs.org/json5/-/json5-0.5.1.tgz",
            "integrity": "sha512-4xrs1aW+6N5DalkqSVA8fxh458CXvR99WU8WLKmq4v8eWAL86Xo3BVqyd3SkA9wEVjCMqyvvRRkshAdOnBp5rw==",
            "dev": true,
            "bin": {
                "json5": "lib/cli.js"
            }
        },
        "node_modules/jsonfile": {
            "version": "6.1.0",
            "resolved": "https://registry.npmjs.org/jsonfile/-/jsonfile-6.1.0.tgz",
            "integrity": "sha512-5dgndWOriYSm5cnYaJNhalLNDKOqFwyDB/rr1E9ZsGciGvKPs8R2xYGCacuf3z6K1YKDz182fd+fY3cn3pMqXQ==",
            "dev": true,
            "dependencies": {
                "universalify": "^2.0.0"
            },
            "optionalDependencies": {
                "graceful-fs": "^4.1.6"
            }
        },
        "node_modules/locate-path": {
            "version": "5.0.0",
            "resolved": "https://registry.npmjs.org/locate-path/-/locate-path-5.0.0.tgz",
            "integrity": "sha512-t7hw9pI+WvuwNJXwk5zVHpyhIqzg2qTlklJOf0mVxGSbe3Fp2VieZcduNYjaLDoy6p9uGpQEGWG87WpMKlNq8g==",
            "dev": true,
            "dependencies": {
                "p-locate": "^4.1.0"
            },
            "engines": {
                "node": ">=8"
            }
        },
        "node_modules/lodash": {
            "version": "4.17.21",
            "resolved": "https://registry.npmjs.org/lodash/-/lodash-4.17.21.tgz",
            "integrity": "sha512-v2kDEe57lecTulaDIuNTPy3Ry4gLGJ6Z1O3vE1krgXZNrsQ+LFTGHVxVjcXPs17LhbZVGedAJv8XZ1tvj5FvSg==",
            "dev": true
        },
        "node_modules/loose-envify": {
            "version": "1.4.0",
            "resolved": "https://registry.npmjs.org/loose-envify/-/loose-envify-1.4.0.tgz",
            "integrity": "sha512-lyuxPGr/Wfhrlem2CL/UcnUc1zcqKAImBDzukY7Y5F/yQiNdko6+fRLevlw1HgMySw7f611UIY408EtxRSoK3Q==",
            "dev": true,
            "dependencies": {
                "js-tokens": "^3.0.0 || ^4.0.0"
            },
            "bin": {
                "loose-envify": "cli.js"
            }
        },
        "node_modules/lru-cache": {
            "version": "6.0.0",
            "resolved": "https://registry.npmjs.org/lru-cache/-/lru-cache-6.0.0.tgz",
            "integrity": "sha512-Jo6dJ04CmSjuznwJSS3pUeWmd/H0ffTlkXXgwZi+eq1UCmqQwCh+eLsYOYCwY991i2Fah4h1BEMCx4qThGbsiA==",
            "dev": true,
            "dependencies": {
                "yallist": "^4.0.0"
            },
            "engines": {
                "node": ">=10"
            }
        },
        "node_modules/make-dir": {
            "version": "3.1.0",
            "resolved": "https://registry.npmjs.org/make-dir/-/make-dir-3.1.0.tgz",
            "integrity": "sha512-g3FeP20LNwhALb/6Cz6Dd4F2ngze0jz7tbzrD2wAV+o9FeNHe4rL+yK2md0J/fiSf1sa1ADhXqi5+oVwOM/eGw==",
            "dev": true,
            "dependencies": {
                "semver": "^6.0.0"
            },
            "engines": {
                "node": ">=8"
            },
            "funding": {
                "url": "https://github.com/sponsors/sindresorhus"
            }
        },
        "node_modules/make-dir/node_modules/semver": {
            "version": "6.3.1",
            "resolved": "https://registry.npmjs.org/semver/-/semver-6.3.1.tgz",
            "integrity": "sha512-BR7VvDCVHO+q2xBEWskxS6DJE1qRnb7DxzUrogb71CWoSficBxYsiAGd+Kl0mmq/MprG9yArRkyrQxTO6XjMzA==",
            "dev": true,
            "bin": {
                "semver": "bin/semver.js"
            }
        },
        "node_modules/minimatch": {
            "version": "3.1.2",
            "resolved": "https://registry.npmjs.org/minimatch/-/minimatch-3.1.2.tgz",
            "integrity": "sha512-J7p63hRiAjw1NDEww1W7i37+ByIrOWO5XQQAzZ3VOcL0PNybwpfmV/N05zFAzwQ9USyEcX6t3UO+K5aqBQOIHw==",
            "dev": true,
            "dependencies": {
                "brace-expansion": "^1.1.7"
            },
            "engines": {
                "node": "*"
            }
        },
        "node_modules/minimist": {
            "version": "1.2.8",
            "resolved": "https://registry.npmjs.org/minimist/-/minimist-1.2.8.tgz",
            "integrity": "sha512-2yyAR8qBkN3YuheJanUpWC5U3bb5osDywNB8RzDVlDwDHbocAJveqqj1u8+SVD7jkWT4yvsHCpWqqWqAxb0zCA==",
            "dev": true,
            "funding": {
                "url": "https://github.com/sponsors/ljharb"
            }
        },
        "node_modules/mkdirp": {
            "version": "0.5.6",
            "resolved": "https://registry.npmjs.org/mkdirp/-/mkdirp-0.5.6.tgz",
            "integrity": "sha512-FP+p8RB8OWpF3YZBCrP5gtADmtXApB5AMLn+vdyA+PyxCjrCs00mjyUozssO33cwDeT3wNGdLxJ5M//YqtHAJw==",
            "dev": true,
            "dependencies": {
                "minimist": "^1.2.6"
            },
            "bin": {
                "mkdirp": "bin/cmd.js"
            }
        },
        "node_modules/ms": {
            "version": "2.0.0",
            "resolved": "https://registry.npmjs.org/ms/-/ms-2.0.0.tgz",
            "integrity": "sha512-Tpp60P6IUJDTuOq/5Z8cdskzJujfwqfOTkrwIwj7IRISpnkJnT6SyJ4PCPnGMoFjC9ddhal5KVIYtAt97ix05A==",
            "dev": true
        },
        "node_modules/os-homedir": {
            "version": "1.0.2",
            "resolved": "https://registry.npmjs.org/os-homedir/-/os-homedir-1.0.2.tgz",
            "integrity": "sha512-B5JU3cabzk8c67mRRd3ECmROafjYMXbuzlwtqdM8IbS8ktlTix8aFGb2bAGKrSRIlnfKwovGUUr72JUPyOb6kQ==",
            "dev": true,
            "engines": {
                "node": ">=0.10.0"
            }
        },
        "node_modules/os-tmpdir": {
            "version": "1.0.2",
            "resolved": "https://registry.npmjs.org/os-tmpdir/-/os-tmpdir-1.0.2.tgz",
            "integrity": "sha512-D2FR03Vir7FIu45XBY20mTb+/ZSWB00sjU9jdQXt83gDrI4Ztz5Fs7/yy74g2N5SVQY4xY1qDr4rNddwYRVX0g==",
            "dev": true,
            "engines": {
                "node": ">=0.10.0"
            }
        },
        "node_modules/p-limit": {
            "version": "2.3.0",
            "resolved": "https://registry.npmjs.org/p-limit/-/p-limit-2.3.0.tgz",
            "integrity": "sha512-//88mFWSJx8lxCzwdAABTJL2MyWB12+eIY7MDL2SqLmAkeKU9qxRvWuSyTjm3FUmpBEMuFfckAIqEaVGUDxb6w==",
            "dev": true,
            "dependencies": {
                "p-try": "^2.0.0"
            },
            "engines": {
                "node": ">=6"
            },
            "funding": {
                "url": "https://github.com/sponsors/sindresorhus"
            }
        },
        "node_modules/p-locate": {
            "version": "4.1.0",
            "resolved": "https://registry.npmjs.org/p-locate/-/p-locate-4.1.0.tgz",
            "integrity": "sha512-R79ZZ/0wAxKGu3oYMlz8jy/kbhsNrS7SKZ7PxEHBgJ5+F2mtFW2fK2cOtBh1cHYkQsbzFV7I+EoRKe6Yt0oK7A==",
            "dev": true,
            "dependencies": {
                "p-limit": "^2.2.0"
            },
            "engines": {
                "node": ">=8"
            }
        },
        "node_modules/p-try": {
            "version": "2.2.0",
            "resolved": "https://registry.npmjs.org/p-try/-/p-try-2.2.0.tgz",
            "integrity": "sha512-R4nPAVTAU0B9D35/Gk3uJf/7XYbQcyohSKdvAxIRSNghFl4e71hVoGnBNQz9cWaXxO2I10KTC+3jMdvvoKw6dQ==",
            "dev": true,
            "engines": {
                "node": ">=6"
            }
        },
        "node_modules/path-exists": {
            "version": "4.0.0",
            "resolved": "https://registry.npmjs.org/path-exists/-/path-exists-4.0.0.tgz",
            "integrity": "sha512-ak9Qy5Q7jYb2Wwcey5Fpvg2KoAc/ZIhLSLOSBmRmygPsGwkVVt0fZa0qrtMz+m6tJTAHfZQ8FnmB4MG4LWy7/w==",
            "dev": true,
            "engines": {
                "node": ">=8"
            }
        },
        "node_modules/path-is-absolute": {
            "version": "1.0.1",
            "resolved": "https://registry.npmjs.org/path-is-absolute/-/path-is-absolute-1.0.1.tgz",
            "integrity": "sha512-AVbw3UJ2e9bq64vSaS9Am0fje1Pa8pbGqTTsmXfaIiMpnr5DlDhfJOuLj9Sf95ZPVDAUerDfEk88MPmPe7UCQg==",
            "dev": true,
            "engines": {
                "node": ">=0.10.0"
            }
        },
        "node_modules/picomatch": {
            "version": "2.3.1",
            "resolved": "https://registry.npmjs.org/picomatch/-/picomatch-2.3.1.tgz",
            "integrity": "sha512-JU3teHTNjmE2VCGFzuY8EXzCDVwEqB2a8fsIvwaStHhAWJEeVd1o1QD80CU6+ZdEXXSLbSsuLwJjkCBWqRQUVA==",
            "dev": true,
            "engines": {
                "node": ">=8.6"
            },
            "funding": {
                "url": "https://github.com/sponsors/jonschlinkert"
            }
        },
        "node_modules/pkg-dir": {
            "version": "4.2.0",
            "resolved": "https://registry.npmjs.org/pkg-dir/-/pkg-dir-4.2.0.tgz",
            "integrity": "sha512-HRDzbaKjC+AOWVXxAU/x54COGeIv9eb+6CkDSQoNTt4XyWoIJvuPsXizxu/Fr23EiekbtZwmh1IcIG/l/a10GQ==",
            "dev": true,
            "dependencies": {
                "find-up": "^4.0.0"
            },
            "engines": {
                "node": ">=8"
            }
        },
        "node_modules/private": {
            "version": "0.1.8",
            "resolved": "https://registry.npmjs.org/private/-/private-0.1.8.tgz",
            "integrity": "sha512-VvivMrbvd2nKkiG38qjULzlc+4Vx4wm/whI9pQD35YrARNnhxeiRktSOhSukRLFNlzg6Br/cJPet5J/u19r/mg==",
            "dev": true,
            "engines": {
                "node": ">= 0.6"
            }
        },
        "node_modules/react": {
            "version": "18.2.0",
            "resolved": "https://registry.npmjs.org/react/-/react-18.2.0.tgz",
            "integrity": "sha512-/3IjMdb2L9QbBdWiW5e3P2/npwMBaU9mHCSCUzNln0ZCYbcfTsGbTJrU/kGemdH2IWmB2ioZ+zkxtmq6g09fGQ==",
            "dev": true,
            "dependencies": {
                "loose-envify": "^1.1.0"
            },
            "engines": {
                "node": ">=0.10.0"
            }
        },
        "node_modules/react-dom": {
            "version": "18.2.0",
            "resolved": "https://registry.npmjs.org/react-dom/-/react-dom-18.2.0.tgz",
            "integrity": "sha512-6IMTriUmvsjHUjNtEDudZfuDQUoWXVxKHhlEGSk81n4YFS+r/Kl99wXiwlVXtPBtJenozv2P+hxDsw9eA7Xo6g==",
            "dev": true,
            "dependencies": {
                "loose-envify": "^1.1.0",
                "scheduler": "^0.23.0"
            },
            "peerDependencies": {
                "react": "^18.2.0"
            }
        },
        "node_modules/regenerator-runtime": {
            "version": "0.11.1",
            "resolved": "https://registry.npmjs.org/regenerator-runtime/-/regenerator-runtime-0.11.1.tgz",
            "integrity": "sha512-MguG95oij0fC3QV3URf4V2SDYGJhJnJGqvIIgdECeODCT98wSWDAJ94SSuVpYQUoTcGUIL6L4yNB7j1DFFHSBg==",
            "dev": true
        },
        "node_modules/repeating": {
            "version": "2.0.1",
            "resolved": "https://registry.npmjs.org/repeating/-/repeating-2.0.1.tgz",
            "integrity": "sha512-ZqtSMuVybkISo2OWvqvm7iHSWngvdaW3IpsT9/uP8v4gMi591LY6h35wdOfvQdWCKFWZWm2Y1Opp4kV7vQKT6A==",
            "dev": true,
            "dependencies": {
                "is-finite": "^1.0.0"
            },
            "engines": {
                "node": ">=0.10.0"
            }
        },
        "node_modules/rollup": {
            "version": "4.6.1",
            "resolved": "https://registry.npmjs.org/rollup/-/rollup-4.6.1.tgz",
            "integrity": "sha512-jZHaZotEHQaHLgKr8JnQiDT1rmatjgKlMekyksz+yk9jt/8z9quNjnKNRoaM0wd9DC2QKXjmWWuDYtM3jfF8pQ==",
            "dev": true,
            "bin": {
                "rollup": "dist/bin/rollup"
            },
            "engines": {
                "node": ">=18.0.0",
                "npm": ">=8.0.0"
            },
            "optionalDependencies": {
                "@rollup/rollup-android-arm-eabi": "4.6.1",
                "@rollup/rollup-android-arm64": "4.6.1",
                "@rollup/rollup-darwin-arm64": "4.6.1",
                "@rollup/rollup-darwin-x64": "4.6.1",
                "@rollup/rollup-linux-arm-gnueabihf": "4.6.1",
                "@rollup/rollup-linux-arm64-gnu": "4.6.1",
                "@rollup/rollup-linux-arm64-musl": "4.6.1",
                "@rollup/rollup-linux-x64-gnu": "4.6.1",
                "@rollup/rollup-linux-x64-musl": "4.6.1",
                "@rollup/rollup-win32-arm64-msvc": "4.6.1",
                "@rollup/rollup-win32-ia32-msvc": "4.6.1",
                "@rollup/rollup-win32-x64-msvc": "4.6.1",
                "fsevents": "~2.3.2"
            }
        },
        "node_modules/rollup-plugin-typescript2": {
            "version": "0.36.0",
            "resolved": "https://registry.npmjs.org/rollup-plugin-typescript2/-/rollup-plugin-typescript2-0.36.0.tgz",
            "integrity": "sha512-NB2CSQDxSe9+Oe2ahZbf+B4bh7pHwjV5L+RSYpCu7Q5ROuN94F9b6ioWwKfz3ueL3KTtmX4o2MUH2cgHDIEUsw==",
            "dev": true,
            "dependencies": {
                "@rollup/pluginutils": "^4.1.2",
                "find-cache-dir": "^3.3.2",
                "fs-extra": "^10.0.0",
                "semver": "^7.5.4",
                "tslib": "^2.6.2"
            },
            "peerDependencies": {
                "rollup": ">=1.26.3",
                "typescript": ">=2.4.0"
            }
        },
        "node_modules/scheduler": {
            "version": "0.23.0",
            "resolved": "https://registry.npmjs.org/scheduler/-/scheduler-0.23.0.tgz",
            "integrity": "sha512-CtuThmgHNg7zIZWAXi3AsyIzA3n4xx7aNyjwC2VJldO2LMVDhFK+63xGqq6CsJH4rTAt6/M+N4GhZiDYPx9eUw==",
            "dev": true,
            "dependencies": {
                "loose-envify": "^1.1.0"
            }
        },
        "node_modules/semver": {
            "version": "7.5.4",
            "resolved": "https://registry.npmjs.org/semver/-/semver-7.5.4.tgz",
            "integrity": "sha512-1bCSESV6Pv+i21Hvpxp3Dx+pSD8lIPt8uVjRrxAUt/nbswYc+tK6Y2btiULjd4+fnq15PX+nqQDC7Oft7WkwcA==",
            "dev": true,
            "dependencies": {
                "lru-cache": "^6.0.0"
            },
            "bin": {
                "semver": "bin/semver.js"
            },
            "engines": {
                "node": ">=10"
            }
        },
        "node_modules/slash": {
            "version": "1.0.0",
            "resolved": "https://registry.npmjs.org/slash/-/slash-1.0.0.tgz",
            "integrity": "sha512-3TYDR7xWt4dIqV2JauJr+EJeW356RXijHeUlO+8djJ+uBXPn8/2dpzBc8yQhh583sVvc9CvFAeQVgijsH+PNNg==",
            "dev": true,
            "engines": {
                "node": ">=0.10.0"
            }
        },
        "node_modules/source-map": {
            "version": "0.5.7",
            "resolved": "https://registry.npmjs.org/source-map/-/source-map-0.5.7.tgz",
            "integrity": "sha512-LbrmJOMUSdEVxIKvdcJzQC+nQhe8FUZQTXQy6+I75skNgn3OoQ0DZA8YnFa7gp8tqtL3KPf1kmo0R5DoApeSGQ==",
            "dev": true,
            "engines": {
                "node": ">=0.10.0"
            }
        },
        "node_modules/source-map-support": {
            "version": "0.4.18",
            "resolved": "https://registry.npmjs.org/source-map-support/-/source-map-support-0.4.18.tgz",
            "integrity": "sha512-try0/JqxPLF9nOjvSta7tVondkP5dwgyLDjVoyMDlmjugT2lRZ1OfsrYTkCd2hkDnJTKRbO/Rl3orm8vlsUzbA==",
            "dev": true,
            "dependencies": {
                "source-map": "^0.5.6"
            }
        },
        "node_modules/strip-ansi": {
            "version": "3.0.1",
            "resolved": "https://registry.npmjs.org/strip-ansi/-/strip-ansi-3.0.1.tgz",
            "integrity": "sha512-VhumSSbBqDTP8p2ZLKj40UjBCV4+v8bUSEpUb4KjRgWk9pbqGF4REFj6KEagidb2f/M6AzC0EmFyDNGaw9OCzg==",
            "dev": true,
            "dependencies": {
                "ansi-regex": "^2.0.0"
            },
            "engines": {
                "node": ">=0.10.0"
            }
        },
        "node_modules/supports-color": {
            "version": "2.0.0",
            "resolved": "https://registry.npmjs.org/supports-color/-/supports-color-2.0.0.tgz",
            "integrity": "sha512-KKNVtd6pCYgPIKU4cp2733HWYCpplQhddZLBUryaAHou723x+FRzQ5Df824Fj+IyyuiQTRoub4SnIFfIcrp70g==",
            "dev": true,
            "engines": {
                "node": ">=0.8.0"
            }
        },
        "node_modules/to-fast-properties": {
            "version": "1.0.3",
            "resolved": "https://registry.npmjs.org/to-fast-properties/-/to-fast-properties-1.0.3.tgz",
            "integrity": "sha512-lxrWP8ejsq+7E3nNjwYmUBMAgjMTZoTI+sdBOpvNyijeDLa29LUn9QaoXAHv4+Z578hbmHHJKZknzxVtvo77og==",
            "dev": true,
            "engines": {
                "node": ">=0.10.0"
            }
        },
        "node_modules/trim-right": {
            "version": "1.0.1",
            "resolved": "https://registry.npmjs.org/trim-right/-/trim-right-1.0.1.tgz",
            "integrity": "sha512-WZGXGstmCWgeevgTL54hrCuw1dyMQIzWy7ZfqRJfSmJZBwklI15egmQytFP6bPidmw3M8d5yEowl1niq4vmqZw==",
            "dev": true,
            "engines": {
                "node": ">=0.10.0"
            }
        },
        "node_modules/tslib": {
            "version": "2.6.2",
            "resolved": "https://registry.npmjs.org/tslib/-/tslib-2.6.2.tgz",
            "integrity": "sha512-AEYxH93jGFPn/a2iVAwW87VuUIkR1FVUKB77NwMF7nBTDkDrrT/Hpt/IrCJ0QXhW27jTBDcf5ZY7w6RiqTMw2Q==",
            "dev": true
        },
        "node_modules/typescript": {
            "version": "5.3.2",
            "resolved": "https://registry.npmjs.org/typescript/-/typescript-5.3.2.tgz",
            "integrity": "sha512-6l+RyNy7oAHDfxC4FzSJcz9vnjTKxrLpDG5M2Vu4SHRVNg6xzqZp6LYSR9zjqQTu8DU/f5xwxUdADOkbrIX2gQ==",
            "dev": true,
            "bin": {
                "tsc": "bin/tsc",
                "tsserver": "bin/tsserver"
            },
            "engines": {
                "node": ">=14.17"
            }
        },
        "node_modules/universalify": {
            "version": "2.0.1",
            "resolved": "https://registry.npmjs.org/universalify/-/universalify-2.0.1.tgz",
            "integrity": "sha512-gptHNQghINnc/vTGIk0SOFGFNXw7JVrlRUtConJRlvaw6DuX0wO5Jeko9sWrMBhh+PsYAZ7oXAiOnf/UKogyiw==",
            "dev": true,
            "engines": {
                "node": ">= 10.0.0"
            }
        },
        "node_modules/yallist": {
            "version": "4.0.0",
            "resolved": "https://registry.npmjs.org/yallist/-/yallist-4.0.0.tgz",
            "integrity": "sha512-3wdGidZyq5PB084XLES5TpOSRA3wjXAlIWMhum2kRcv/41Sn2emQ0dycQW4uZXLejwKvg6EsvbdlVL+FYEct7A==",
            "dev": true
        }
    }
}
